
Microsoft Visual Studio Solution File, Format Version 12.00
# Visual Studio Version 16
VisualStudioVersion = 16.0.29519.181
MinimumVisualStudioVersion = 10.0.40219.1
Project("{FAE04EC0-301F-11D3-BF4B-00C04F79EFBC}") = "WzStringDumper", "WzStringDumper.csproj", "{08D1CE8A-81C4-46BF-860E-E82E1B4707F2}"
	ProjectSection(ProjectDependencies) = postProject
		{9DB1C8E5-1616-4AF3-A80E-727719123595} = {9DB1C8E5-1616-4AF3-A80E-727719123595}
	EndProjectSection
EndProject
Project("{FAE04EC0-301F-11D3-BF4B-00C04F79EFBC}") = "MapleLib", "..\MapleLib\MapleLib.csproj", "{9DB1C8E5-1616-4AF3-A80E-727719123595}"
EndProject
Global
	GlobalSection(SolutionConfigurationPlatforms) = preSolution
		Debug|Any CPU = Debug|Any CPU
		Debug|x64 = Debug|x64
		Debug|x86 = Debug|x86
		Release|Any CPU = Release|Any CPU
		Release|x64 = Release|x64
		Release|x86 = Release|x86
	EndGlobalSection
	GlobalSection(ProjectConfigurationPlatforms) = postSolution
		{08D1CE8A-81C4-46BF-860E-E82E1B4707F2}.Debug|Any CPU.ActiveCfg = Debug|Any CPU
		{08D1CE8A-81C4-46BF-860E-E82E1B4707F2}.Debug|Any CPU.Build.0 = Debug|Any CPU
		{08D1CE8A-81C4-46BF-860E-E82E1B4707F2}.Debug|x64.ActiveCfg = Debug|Any CPU
		{08D1CE8A-81C4-46BF-860E-E82E1B4707F2}.Debug|x64.Build.0 = Debug|Any CPU
		{08D1CE8A-81C4-46BF-860E-E82E1B4707F2}.Debug|x86.ActiveCfg = Debug|Any CPU
		{08D1CE8A-81C4-46BF-860E-E82E1B4707F2}.Debug|x86.Build.0 = Debug|Any CPU
		{08D1CE8A-81C4-46BF-860E-E82E1B4707F2}.Release|Any CPU.ActiveCfg = Release|Any CPU
		{08D1CE8A-81C4-46BF-860E-E82E1B4707F2}.Release|Any CPU.Build.0 = Release|Any CPU
		{08D1CE8A-81C4-46BF-860E-E82E1B4707F2}.Release|x64.ActiveCfg = Release|Any CPU
		{08D1CE8A-81C4-46BF-860E-E82E1B4707F2}.Release|x64.Build.0 = Release|Any CPU
		{08D1CE8A-81C4-46BF-860E-E82E1B4707F2}.Release|x86.ActiveCfg = Release|Any CPU
		{08D1CE8A-81C4-46BF-860E-E82E1B4707F2}.Release|x86.Build.0 = Release|Any CPU
		{9DB1C8E5-1616-4AF3-A80E-727719123595}.Debug|Any CPU.ActiveCfg = Debug|Any CPU
		{9DB1C8E5-1616-4AF3-A80E-727719123595}.Debug|Any CPU.Build.0 = Debug|Any CPU
		{9DB1C8E5-1616-4AF3-A80E-727719123595}.Debug|x64.ActiveCfg = Debug|Any CPU
		{9DB1C8E5-1616-4AF3-A80E-727719123595}.Debug|x64.Build.0 = Debug|Any CPU
		{9DB1C8E5-1616-4AF3-A80E-727719123595}.Debug|x86.ActiveCfg = Debug|Any CPU
		{9DB1C8E5-1616-4AF3-A80E-727719123595}.Debug|x86.Build.0 = Debug|Any CPU
		{9DB1C8E5-1616-4AF3-A80E-727719123595}.Release|Any CPU.ActiveCfg = Release|Any CPU
		{9DB1C8E5-1616-4AF3-A80E-727719123595}.Release|Any CPU.Build.0 = Release|Any CPU
		{9DB1C8E5-1616-4AF3-A80E-727719123595}.Release|x64.ActiveCfg = Release|Any CPU
		{9DB1C8E5-1616-4AF3-A80E-727719123595}.Release|x64.Build.0 = Release|Any CPU
		{9DB1C8E5-1616-4AF3-A80E-727719123595}.Release|x86.ActiveCfg = Release|Any CPU
		{9DB1C8E5-1616-4AF3-A80E-727719123595}.Release|x86.Build.0 = Release|Any CPU
	EndGlobalSection
	GlobalSection(SolutionProperties) = preSolution
		HideSolutionNode = FALSE
	EndGlobalSection
	GlobalSection(ExtensibilityGlobals) = postSolution
		SolutionGuid = {77CC9AD6-0160-40B8-BFE7-30C52DFB96F7}
	EndGlobalSection
EndGlobal
